
Microsoft Visual Studio Solution File, Format Version 12.00
# Visual Studio Version 16
VisualStudioVersion = 16.0.29911.84
MinimumVisualStudioVersion = 10.0.40219.1
Project("{FAE04EC0-301F-11D3-BF4B-00C04F79EFBC}") = "statusPanel", "statusPanel\statusPanel.csproj", "{59E11664-1B5A-4B1F-BA75-01CCDBCCA299}"
EndProject
Global
	GlobalSection(SolutionConfigurationPlatforms) = preSolution
		Debug|Any CPU = Debug|Any CPU
		Release|Any CPU = Release|Any CPU
	EndGlobalSection
	GlobalSection(ProjectConfigurationPlatforms) = postSolution
		{59E11664-1B5A-4B1F-BA75-01CCDBCCA299}.Debug|Any CPU.ActiveCfg = Debug|Any CPU
		{59E11664-1B5A-4B1F-BA75-01CCDBCCA299}.Debug|Any CPU.Build.0 = Debug|Any CPU
		{59E11664-1B5A-4B1F-BA75-01CCDBCCA299}.Release|Any CPU.ActiveCfg = Release|Any CPU
		{59E11664-1B5A-4B1F-BA75-01CCDBCCA299}.Release|Any CPU.Build.0 = Release|Any CPU
	EndGlobalSection
	GlobalSection(SolutionProperties) = preSolution
		HideSolutionNode = FALSE
	EndGlobalSection
	GlobalSection(ExtensibilityGlobals) = postSolution
		SolutionGuid = {ECD280AA-8614-4EA7-B7F5-8F032B017520}
	EndGlobalSection
EndGlobal
